// !$*UTF8*$!
{
	archiveVersion = 1;
	classes = {
	};
	objectVersion = 46;
	objects = {

/* Begin PBXBuildFile section */
		994545CC19AEBC450029A4D8 /* AppDelegate.swift in Sources */ = {isa = PBXBuildFile; fileRef = 994545CB19AEBC450029A4D8 /* AppDelegate.swift */; };
		994545CE19AEBC450029A4D8 /* ViewController.swift in Sources */ = {isa = PBXBuildFile; fileRef = 994545CD19AEBC450029A4D8 /* ViewController.swift */; };
		994545D119AEBC450029A4D8 /* Main.storyboard in Resources */ = {isa = PBXBuildFile; fileRef = 994545CF19AEBC450029A4D8 /* Main.storyboard */; };
		994545D319AEBC450029A4D8 /* Images.xcassets in Resources */ = {isa = PBXBuildFile; fileRef = 994545D219AEBC450029A4D8 /* Images.xcassets */; };
		994545DF19AEBC450029A4D8 /* Hello_WorldTests.swift in Sources */ = {isa = PBXBuildFile; fileRef = 994545DE19AEBC450029A4D8 /* Hello_WorldTests.swift */; };
/* End PBXBuildFile section */

/* Begin PBXContainerItemProxy section */
		994545D919AEBC450029A4D8 /* PBXContainerItemProxy */ = {
			isa = PBXContainerItemProxy;
			containerPortal = 994545BE19AEBC450029A4D8 /* Project object */;
			proxyType = 1;
			remoteGlobalIDString = 994545C519AEBC450029A4D8;
			remoteInfo = "Hello World";
		};
/* End PBXContainerItemProxy section */

/* Begin PBXFileReference section */
		994545C619AEBC450029A4D8 /* Hello World.app */ = {isa = PBXFileReference; explicitFileType = wrapper.application; includeInIndex = 0; path = "Hello World.app"; sourceTree = BUILT_PRODUCTS_DIR; };
		994545CA19AEBC450029A4D8 /* Info.plist */ = {isa = PBXFileReference; lastKnownFileType = text.plist.xml; path = Info.plist; sourceTree = "<group>"; };
		994545CB19AEBC450029A4D8 /* AppDelegate.swift */ = {isa = PBXFileReference; lastKnownFileType = sourcecode.swift; path = AppDelegate.swift; sourceTree = "<group>"; };
		994545CD19AEBC450029A4D8 /* ViewController.swift */ = {isa = PBXFileReference; lastKnownFileType = sourcecode.swift; path = ViewController.swift; sourceTree = "<group>"; };
		994545D019AEBC450029A4D8 /* Base */ = {isa = PBXFileReference; lastKnownFileType = file.storyboard; name = Base; path = Base.lproj/Main.storyboard; sourceTree = "<group>"; };
		994545D219AEBC450029A4D8 /* Images.xcassets */ = {isa = PBXFileReference; lastKnownFileType = folder.assetcatalog; path = Images.xcassets; sourceTree = "<group>"; };
		994545D819AEBC450029A4D8 /* Hello WorldTests.xctest */ = {isa = PBXFileReference; explicitFileType = wrapper.cfbundle; includeInIndex = 0; path = "Hello WorldTests.xctest"; sourceTree = BUILT_PRODUCTS_DIR; };
		994545DD19AEBC450029A4D8 /* Info.plist */ = {isa = PBXFileReference; lastKnownFileType = text.plist.xml; path = Info.plist; sourceTree = "<group>"; };
		994545DE19AEBC450029A4D8 /* Hello_WorldTests.swift */ = {isa = PBXFileReference; lastKnownFileType = sourcecode.swift; path = Hello_WorldTests.swift; sourceTree = "<group>"; };
/* End PBXFileReference section */

/* Begin PBXFrameworksBuildPhase section */
		994545C319AEBC450029A4D8 /* Frameworks */ = {
			isa = PBXFrameworksBuildPhase;
			buildActionMask = 2147483647;
			files = (
			);
			runOnlyForDeploymentPostprocessing = 0;
		};
		994545D519AEBC450029A4D8 /* Frameworks */ = {
			isa = PBXFrameworksBuildPhase;
			buildActionMask = 2147483647;
			files = (
			);
			runOnlyForDeploymentPostprocessing = 0;
		};
/* End PBXFrameworksBuildPhase section */

/* Begin PBXGroup section */
		994545BD19AEBC450029A4D8 = {
			isa = PBXGroup;
			children = (
				994545C819AEBC450029A4D8 /* Hello World */,
				994545DB19AEBC450029A4D8 /* Hello WorldTests */,
				994545C719AEBC450029A4D8 /* Products */,
			);
			sourceTree = "<group>";
		};
		994545C719AEBC450029A4D8 /* Products */ = {
			isa = PBXGroup;
			children = (
				994545C619AEBC450029A4D8 /* Hello World.app */,
				994545D819AEBC450029A4D8 /* Hello WorldTests.xctest */,
			);
			name = Products;
			sourceTree = "<group>";
		};
		994545C819AEBC450029A4D8 /* Hello World */ = {
			isa = PBXGroup;
			children = (
				994545CB19AEBC450029A4D8 /* AppDelegate.swift */,
				994545CD19AEBC450029A4D8 /* ViewController.swift */,
				994545CF19AEBC450029A4D8 /* Main.storyboard */,
				994545D219AEBC450029A4D8 /* Images.xcassets */,
				994545C919AEBC450029A4D8 /* Supporting Files */,
			);
			path = "Hello World";
			sourceTree = "<group>";
		};
		994545C919AEBC450029A4D8 /* Supporting Files */ = {
			isa = PBXGroup;
			children = (
				994545CA19AEBC450029A4D8 /* Info.plist */,
			);
			name = "Supporting Files";
			sourceTree = "<group>";
		};
		994545DB19AEBC450029A4D8 /* Hello WorldTests */ = {
			isa = PBXGroup;
			children = (
				994545DE19AEBC450029A4D8 /* Hello_WorldTests.swift */,
				994545DC19AEBC450029A4D8 /* Supporting Files */,
			);
			path = "Hello WorldTests";
			sourceTree = "<group>";
		};
		994545DC19AEBC450029A4D8 /* Supporting Files */ = {
			isa = PBXGroup;
			children = (
				994545DD19AEBC450029A4D8 /* Info.plist */,
			);
			name = "Supporting Files";
			sourceTree = "<group>";
		};
/* End PBXGroup section */

/* Begin PBXNativeTarget section */
		994545C519AEBC450029A4D8 /* Hello World */ = {
			isa = PBXNativeTarget;
			buildConfigurationList = 994545E219AEBC450029A4D8 /* Build configuration list for PBXNativeTarget "Hello World" */;
			buildPhases = (
				994545C219AEBC450029A4D8 /* Sources */,
				994545C319AEBC450029A4D8 /* Frameworks */,
				994545C419AEBC450029A4D8 /* Resources */,
			);
			buildRules = (
			);
			dependencies = (
			);
			name = "Hello World";
			productName = "Hello World";
			productReference = 994545C619AEBC450029A4D8 /* Hello World.app */;
			productType = "com.apple.product-type.application";
		};
		994545D719AEBC450029A4D8 /* Hello WorldTests */ = {
			isa = PBXNativeTarget;
			buildConfigurationList = 994545E519AEBC450029A4D8 /* Build configuration list for PBXNativeTarget "Hello WorldTests" */;
			buildPhases = (
				994545D419AEBC450029A4D8 /* Sources */,
				994545D519AEBC450029A4D8 /* Frameworks */,
				994545D619AEBC450029A4D8 /* Resources */,
			);
			buildRules = (
			);
			dependencies = (
				994545DA19AEBC450029A4D8 /* PBXTargetDependency */,
			);
			name = "Hello WorldTests";
			productName = "Hello WorldTests";
			productReference = 994545D819AEBC450029A4D8 /* Hello WorldTests.xctest */;
			productType = "com.apple.product-type.bundle.unit-test";
		};
/* End PBXNativeTarget section */

/* Begin PBXProject section */
		994545BE19AEBC450029A4D8 /* Project object */ = {
			isa = PBXProject;
			attributes = {
				LastUpgradeCheck = 0600;
				ORGANIZATIONNAME = "jdmcd studios";
				TargetAttributes = {
					994545C519AEBC450029A4D8 = {
						CreatedOnToolsVersion = 6.0;
					};
					994545D719AEBC450029A4D8 = {
						CreatedOnToolsVersion = 6.0;
						TestTargetID = 994545C519AEBC450029A4D8;
					};
				};
			};
			buildConfigurationList = 994545C119AEBC450029A4D8 /* Build configuration list for PBXProject "Hello World" */;
			compatibilityVersion = "Xcode 3.2";
			developmentRegion = English;
			hasScannedForEncodings = 0;
			knownRegions = (
				en,
				Base,
			);
			mainGroup = 994545BD19AEBC450029A4D8;
			productRefGroup = 994545C719AEBC450029A4D8 /* Products */;
			projectDirPath = "";
			projectRoot = "";
			targets = (
				994545C519AEBC450029A4D8 /* Hello World */,
				994545D719AEBC450029A4D8 /* Hello WorldTests */,
			);
		};
/* End PBXProject section */

/* Begin PBXResourcesBuildPhase section */
		994545C419AEBC450029A4D8 /* Resources */ = {
			isa = PBXResourcesBuildPhase;
			buildActionMask = 2147483647;
			files = (
				994545D119AEBC450029A4D8 /* Main.storyboard in Resources */,
				994545D319AEBC450029A4D8 /* Images.xcassets in Resources */,
			);
			runOnlyForDeploymentPostprocessing = 0;
		};
		994545D619AEBC450029A4D8 /* Resources */ = {
			isa = PBXResourcesBuildPhase;
			buildActionMask = 2147483647;
			files = (
			);
			runOnlyForDeploymentPostprocessing = 0;
		};
/* End PBXResourcesBuildPhase section */

/* Begin PBXSourcesBuildPhase section */
		994545C219AEBC450029A4D8 /* Sources */ = {
			isa = PBXSourcesBuildPhase;
			buildActionMask = 2147483647;
			files = (
				994545CE19AEBC450029A4D8 /* ViewController.swift in Sources */,
				994545CC19AEBC450029A4D8 /* AppDelegate.swift in Sources */,
			);
			runOnlyForDeploymentPostprocessing = 0;
		};
		994545D419AEBC450029A4D8 /* Sources */ = {
			isa = PBXSourcesBuildPhase;
			buildActionMask = 2147483647;
			files = (
				994545DF19AEBC450029A4D8 /* Hello_WorldTests.swift in Sources */,
			);
			runOnlyForDeploymentPostprocessing = 0;
		};
/* End PBXSourcesBuildPhase section */

/* Begin PBXTargetDependency section */
		994545DA19AEBC450029A4D8 /* PBXTargetDependency */ = {
			isa = PBXTargetDependency;
			target = 994545C519AEBC450029A4D8 /* Hello World */;
			targetProxy = 994545D919AEBC450029A4D8 /* PBXContainerItemProxy */;
		};
/* End PBXTargetDependency section */

/* Begin PBXVariantGroup section */
		994545CF19AEBC450029A4D8 /* Main.storyboard */ = {
			isa = PBXVariantGroup;
			children = (
				994545D019AEBC450029A4D8 /* Base */,
			);
			name = Main.storyboard;
			sourceTree = "<group>";
		};
/* End PBXVariantGroup section */

/* Begin XCBuildConfiguration section */
		994545E019AEBC450029A4D8 /* Debug */ = {
			isa = XCBuildConfiguration;
			buildSettings = {
				ALWAYS_SEARCH_USER_PATHS = NO;
				CLANG_CXX_LANGUAGE_STANDARD = "gnu++0x";
				CLANG_CXX_LIBRARY = "libc++";
				CLANG_ENABLE_MODULES = YES;
				CLANG_ENABLE_OBJC_ARC = YES;
				CLANG_WARN_BOOL_CONVERSION = YES;
				CLANG_WARN_CONSTANT_CONVERSION = YES;
				CLANG_WARN_DIRECT_OBJC_ISA_USAGE = YES_ERROR;
				CLANG_WARN_EMPTY_BODY = YES;
				CLANG_WARN_ENUM_CONVERSION = YES;
				CLANG_WARN_INT_CONVERSION = YES;
				CLANG_WARN_OBJC_ROOT_CLASS = YES_ERROR;
				CLANG_WARN_UNREACHABLE_CODE = YES;
				CLANG_WARN__DUPLICATE_METHOD_MATCH = YES;
				"CODE_SIGN_IDENTITY[sdk=iphoneos*]" = "iPhone Developer";
				COPY_PHASE_STRIP = NO;
				ENABLE_STRICT_OBJC_MSGSEND = YES;
				GCC_C_LANGUAGE_STANDARD = gnu99;
				GCC_DYNAMIC_NO_PIC = NO;
				GCC_OPTIMIZATION_LEVEL = 0;
				GCC_PREPROCESSOR_DEFINITIONS = (
					"DEBUG=1",
					"$(inherited)",
				);
				GCC_SYMBOLS_PRIVATE_EXTERN = NO;
				GCC_WARN_64_TO_32_BIT_CONVERSION = YES;
				GCC_WARN_ABOUT_RETURN_TYPE = YES_ERROR;
				GCC_WARN_UNDECLARED_SELECTOR = YES;
				GCC_WARN_UNINITIALIZED_AUTOS = YES_AGGRESSIVE;
				GCC_WARN_UNUSED_FUNCTION = YES;
				GCC_WARN_UNUSED_VARIABLE = YES;
				IPHONEOS_DEPLOYMENT_TARGET = 8.0;
				MTL_ENABLE_DEBUG_INFO = YES;
				ONLY_ACTIVE_ARCH = YES;
				SDKROOT = iphoneos;
				SWIFT_OPTIMIZATION_LEVEL = "-Onone";
				TARGETED_DEVICE_FAMILY = "1,2";
			};
			name = Debug;
		};
		994545E119AEBC450029A4D8 /* Release */ = {
			isa = XCBuildConfiguration;
			buildSettings = {
				ALWAYS_SEARCH_USER_PATHS = NO;
				CLANG_CXX_LANGUAGE_STANDARD = "gnu++0x";
				CLANG_CXX_LIBRARY = "libc++";
				CLANG_ENABLE_MODULES = YES;
				CLANG_ENABLE_OBJC_ARC = YES;
				CLANG_WARN_BOOL_CONVERSION = YES;
				CLANG_WARN_CONSTANT_CONVERSION = YES;
				CLANG_WARN_DIRECT_OBJC_ISA_USAGE = YES_ERROR;
				CLANG_WARN_EMPTY_BODY = YES;
				CLANG_WARN_ENUM_CONVERSION = YES;
				CLANG_WARN_INT_CONVERSION = YES;
				CLANG_WARN_OBJC_ROOT_CLASS = YES_ERROR;
				CLANG_WARN_UNREACHABLE_CODE = YES;
				CLANG_WARN__DUPLICATE_METHOD_MATCH = YES;
				"CODE_SIGN_IDENTITY[sdk=iphoneos*]" = "iPhone Developer";
				COPY_PHASE_STRIP = YES;
				ENABLE_NS_ASSERTIONS = NO;
				ENABLE_STRICT_OBJC_MSGSEND = YES;
				GCC_C_LANGUAGE_STANDARD = gnu99;
				GCC_WARN_64_TO_32_BIT_CONVERSION = YES;
				GCC_WARN_ABOUT_RETURN_TYPE = YES_ERROR;
				GCC_WARN_UNDECLARED_SELECTOR = YES;
				GCC_WARN_UNINITIALIZED_AUTOS = YES_AGGRESSIVE;
				GCC_WARN_UNUSED_FUNCTION = YES;
				GCC_WARN_UNUSED_VARIABLE = YES;
				IPHONEOS_DEPLOYMENT_TARGET = 8.0;
				MTL_ENABLE_DEBUG_INFO = NO;
				SDKROOT = iphoneos;
				TARGETED_DEVICE_FAMILY = "1,2";
				VALIDATE_PRODUCT = YES;
			};
			name = Release;
		};
		994545E319AEBC450029A4D8 /* Debug */ = {
			isa = XCBuildConfiguration;
			buildSettings = {
				ASSETCATALOG_COMPILER_APPICON_NAME = AppIcon;
				ASSETCATALOG_COMPILER_LAUNCHIMAGE_NAME = LaunchImage;
				INFOPLIST_FILE = "Hello World/Info.plist";
				LD_RUNPATH_SEARCH_PATHS = "$(inherited) @executable_path/Frameworks";
				PRODUCT_NAME = "$(TARGET_NAME)";
			};
			name = Debug;
		};
		994545E419AEBC450029A4D8 /* Release */ = {
			isa = XCBuildConfiguration;
			buildSettings = {
				ASSETCATALOG_COMPILER_APPICON_NAME = AppIcon;
				ASSETCATALOG_COMPILER_LAUNCHIMAGE_NAME = LaunchImage;
				INFOPLIST_FILE = "Hello World/Info.plist";
				LD_RUNPATH_SEARCH_PATHS = "$(inherited) @executable_path/Frameworks";
				PRODUCT_NAME = "$(TARGET_NAME)";
			};
			name = Release;
		};
		994545E619AEBC450029A4D8 /* Debug */ = {
			isa = XCBuildConfiguration;
			buildSettings = {
				BUNDLE_LOADER = "$(TEST_HOST)";
				FRAMEWORK_SEARCH_PATHS = (
					"$(SDKROOT)/Developer/Library/Frameworks",
					"$(inherited)",
				);
				GCC_PREPROCESSOR_DEFINITIONS = (
					"DEBUG=1",
					"$(inherited)",
				);
				INFOPLIST_FILE = "Hello WorldTests/Info.plist";
				LD_RUNPATH_SEARCH_PATHS = "$(inherited) @executable_path/Frameworks @loader_path/Frameworks";
				PRODUCT_NAME = "$(TARGET_NAME)";
				TEST_HOST = "$(BUILT_PRODUCTS_DIR)/Hello World.app/Hello World";
			};
			name = Debug;
		};
		994545E719AEBC450029A4D8 /* Release */ = {
			isa = XCBuildConfiguration;
			buildSettings = {
				BUNDLE_LOADER = "$(TEST_HOST)";
				FRAMEWORK_SEARCH_PATHS = (
					"$(SDKROOT)/Developer/Library/Frameworks",
					"$(inherited)",
				);
				INFOPLIST_FILE = "Hello WorldTests/Info.plist";
				LD_RUNPATH_SEARCH_PATHS = "$(inherited) @executable_path/Frameworks @loader_path/Frameworks";
				PRODUCT_NAME = "$(TARGET_NAME)";
				TEST_HOST = "$(BUILT_PRODUCTS_DIR)/Hello World.app/Hello World";
			};
			name = Release;
		};
/* End XCBuildConfiguration section */

/* Begin XCConfigurationList section */
		994545C119AEBC450029A4D8 /* Build configuration list for PBXProject "Hello World" */ = {
			isa = XCConfigurationList;
			buildConfigurations = (
				994545E019AEBC450029A4D8 /* Debug */,
				994545E119AEBC450029A4D8 /* Release */,
			);
			defaultConfigurationIsVisible = 0;
			defaultConfigurationName = Release;
		};
		994545E219AEBC450029A4D8 /* Build configuration list for PBXNativeTarget "Hello World" */ = {
			isa = XCConfigurationList;
			buildConfigurations = (
				994545E319AEBC450029A4D8 /* Debug */,
				994545E419AEBC450029A4D8 /* Release */,
			);
			defaultConfigurationIsVisible = 0;
		};
		994545E519AEBC450029A4D8 /* Build configuration list for PBXNativeTarget "Hello WorldTests" */ = {
			isa = XCConfigurationList;
			buildConfigurations = (
				994545E619AEBC450029A4D8 /* Debug */,
				994545E719AEBC450029A4D8 /* Release */,
			);
			defaultConfigurationIsVisible = 0;
		};
/* End XCConfigurationList section */
	};
	rootObject = 994545BE19AEBC450029A4D8 /* Project object */;
}
