// !$*UTF8*$!
{
	archiveVersion = 1;
	classes = {
	};
	objectVersion = 46;
	objects = {

/* Begin PBXBuildFile section */
		DFD5B84419ACD9D200033DE1 /* AppDelegate.swift in Sources */ = {isa = PBXBuildFile; fileRef = DFD5B84319ACD9D200033DE1 /* AppDelegate.swift */; };
		DFD5B84619ACD9D200033DE1 /* ViewController.swift in Sources */ = {isa = PBXBuildFile; fileRef = DFD5B84519ACD9D200033DE1 /* ViewController.swift */; };
		DFD5B84919ACD9D200033DE1 /* Main.storyboard in Resources */ = {isa = PBXBuildFile; fileRef = DFD5B84719ACD9D200033DE1 /* Main.storyboard */; };
		DFD5B84B19ACD9D200033DE1 /* Images.xcassets in Resources */ = {isa = PBXBuildFile; fileRef = DFD5B84A19ACD9D200033DE1 /* Images.xcassets */; };
		DFD5B85719ACD9D200033DE1 /* projectOneTests.swift in Sources */ = {isa = PBXBuildFile; fileRef = DFD5B85619ACD9D200033DE1 /* projectOneTests.swift */; };
/* End PBXBuildFile section */

/* Begin PBXContainerItemProxy section */
		DFD5B85119ACD9D200033DE1 /* PBXContainerItemProxy */ = {
			isa = PBXContainerItemProxy;
			containerPortal = DFD5B83619ACD9D200033DE1 /* Project object */;
			proxyType = 1;
			remoteGlobalIDString = DFD5B83D19ACD9D200033DE1;
			remoteInfo = projectOne;
		};
/* End PBXContainerItemProxy section */

/* Begin PBXFileReference section */
		DFD5B83E19ACD9D200033DE1 /* projectOne.app */ = {isa = PBXFileReference; explicitFileType = wrapper.application; includeInIndex = 0; path = projectOne.app; sourceTree = BUILT_PRODUCTS_DIR; };
		DFD5B84219ACD9D200033DE1 /* Info.plist */ = {isa = PBXFileReference; lastKnownFileType = text.plist.xml; path = Info.plist; sourceTree = "<group>"; };
		DFD5B84319ACD9D200033DE1 /* AppDelegate.swift */ = {isa = PBXFileReference; lastKnownFileType = sourcecode.swift; path = AppDelegate.swift; sourceTree = "<group>"; };
		DFD5B84519ACD9D200033DE1 /* ViewController.swift */ = {isa = PBXFileReference; lastKnownFileType = sourcecode.swift; path = ViewController.swift; sourceTree = "<group>"; };
		DFD5B84819ACD9D200033DE1 /* Base */ = {isa = PBXFileReference; lastKnownFileType = file.storyboard; name = Base; path = Base.lproj/Main.storyboard; sourceTree = "<group>"; };
		DFD5B84A19ACD9D200033DE1 /* Images.xcassets */ = {isa = PBXFileReference; lastKnownFileType = folder.assetcatalog; path = Images.xcassets; sourceTree = "<group>"; };
		DFD5B85019ACD9D200033DE1 /* projectOneTests.xctest */ = {isa = PBXFileReference; explicitFileType = wrapper.cfbundle; includeInIndex = 0; path = projectOneTests.xctest; sourceTree = BUILT_PRODUCTS_DIR; };
		DFD5B85519ACD9D200033DE1 /* Info.plist */ = {isa = PBXFileReference; lastKnownFileType = text.plist.xml; path = Info.plist; sourceTree = "<group>"; };
		DFD5B85619ACD9D200033DE1 /* projectOneTests.swift */ = {isa = PBXFileReference; lastKnownFileType = sourcecode.swift; path = projectOneTests.swift; sourceTree = "<group>"; };
/* End PBXFileReference section */

/* Begin PBXFrameworksBuildPhase section */
		DFD5B83B19ACD9D200033DE1 /* Frameworks */ = {
			isa = PBXFrameworksBuildPhase;
			buildActionMask = 2147483647;
			files = (
			);
			runOnlyForDeploymentPostprocessing = 0;
		};
		DFD5B84D19ACD9D200033DE1 /* Frameworks */ = {
			isa = PBXFrameworksBuildPhase;
			buildActionMask = 2147483647;
			files = (
			);
			runOnlyForDeploymentPostprocessing = 0;
		};
/* End PBXFrameworksBuildPhase section */

/* Begin PBXGroup section */
		DFD5B83519ACD9D200033DE1 = {
			isa = PBXGroup;
			children = (
				DFD5B84019ACD9D200033DE1 /* projectOne */,
				DFD5B85319ACD9D200033DE1 /* projectOneTests */,
				DFD5B83F19ACD9D200033DE1 /* Products */,
			);
			sourceTree = "<group>";
		};
		DFD5B83F19ACD9D200033DE1 /* Products */ = {
			isa = PBXGroup;
			children = (
				DFD5B83E19ACD9D200033DE1 /* projectOne.app */,
				DFD5B85019ACD9D200033DE1 /* projectOneTests.xctest */,
			);
			name = Products;
			sourceTree = "<group>";
		};
		DFD5B84019ACD9D200033DE1 /* projectOne */ = {
			isa = PBXGroup;
			children = (
				DFD5B84319ACD9D200033DE1 /* AppDelegate.swift */,
				DFD5B84519ACD9D200033DE1 /* ViewController.swift */,
				DFD5B84719ACD9D200033DE1 /* Main.storyboard */,
				DFD5B84A19ACD9D200033DE1 /* Images.xcassets */,
				DFD5B84119ACD9D200033DE1 /* Supporting Files */,
			);
			path = projectOne;
			sourceTree = "<group>";
		};
		DFD5B84119ACD9D200033DE1 /* Supporting Files */ = {
			isa = PBXGroup;
			children = (
				DFD5B84219ACD9D200033DE1 /* Info.plist */,
			);
			name = "Supporting Files";
			sourceTree = "<group>";
		};
		DFD5B85319ACD9D200033DE1 /* projectOneTests */ = {
			isa = PBXGroup;
			children = (
				DFD5B85619ACD9D200033DE1 /* projectOneTests.swift */,
				DFD5B85419ACD9D200033DE1 /* Supporting Files */,
			);
			path = projectOneTests;
			sourceTree = "<group>";
		};
		DFD5B85419ACD9D200033DE1 /* Supporting Files */ = {
			isa = PBXGroup;
			children = (
				DFD5B85519ACD9D200033DE1 /* Info.plist */,
			);
			name = "Supporting Files";
			sourceTree = "<group>";
		};
/* End PBXGroup section */

/* Begin PBXNativeTarget section */
		DFD5B83D19ACD9D200033DE1 /* projectOne */ = {
			isa = PBXNativeTarget;
			buildConfigurationList = DFD5B85A19ACD9D200033DE1 /* Build configuration list for PBXNativeTarget "projectOne" */;
			buildPhases = (
				DFD5B83A19ACD9D200033DE1 /* Sources */,
				DFD5B83B19ACD9D200033DE1 /* Frameworks */,
				DFD5B83C19ACD9D200033DE1 /* Resources */,
			);
			buildRules = (
			);
			dependencies = (
			);
			name = projectOne;
			productName = projectOne;
			productReference = DFD5B83E19ACD9D200033DE1 /* projectOne.app */;
			productType = "com.apple.product-type.application";
		};
		DFD5B84F19ACD9D200033DE1 /* projectOneTests */ = {
			isa = PBXNativeTarget;
			buildConfigurationList = DFD5B85D19ACD9D200033DE1 /* Build configuration list for PBXNativeTarget "projectOneTests" */;
			buildPhases = (
				DFD5B84C19ACD9D200033DE1 /* Sources */,
				DFD5B84D19ACD9D200033DE1 /* Frameworks */,
				DFD5B84E19ACD9D200033DE1 /* Resources */,
			);
			buildRules = (
			);
			dependencies = (
				DFD5B85219ACD9D200033DE1 /* PBXTargetDependency */,
			);
			name = projectOneTests;
			productName = projectOneTests;
			productReference = DFD5B85019ACD9D200033DE1 /* projectOneTests.xctest */;
			productType = "com.apple.product-type.bundle.unit-test";
		};
/* End PBXNativeTarget section */

/* Begin PBXProject section */
		DFD5B83619ACD9D200033DE1 /* Project object */ = {
			isa = PBXProject;
			attributes = {
				LastUpgradeCheck = 0600;
				ORGANIZATIONNAME = student2;
				TargetAttributes = {
					DFD5B83D19ACD9D200033DE1 = {
						CreatedOnToolsVersion = 6.0;
					};
					DFD5B84F19ACD9D200033DE1 = {
						CreatedOnToolsVersion = 6.0;
						TestTargetID = DFD5B83D19ACD9D200033DE1;
					};
				};
			};
			buildConfigurationList = DFD5B83919ACD9D200033DE1 /* Build configuration list for PBXProject "projectOne" */;
			compatibilityVersion = "Xcode 3.2";
			developmentRegion = English;
			hasScannedForEncodings = 0;
			knownRegions = (
				en,
				Base,
			);
			mainGroup = DFD5B83519ACD9D200033DE1;
			productRefGroup = DFD5B83F19ACD9D200033DE1 /* Products */;
			projectDirPath = "";
			projectRoot = "";
			targets = (
				DFD5B83D19ACD9D200033DE1 /* projectOne */,
				DFD5B84F19ACD9D200033DE1 /* projectOneTests */,
			);
		};
/* End PBXProject section */

/* Begin PBXResourcesBuildPhase section */
		DFD5B83C19ACD9D200033DE1 /* Resources */ = {
			isa = PBXResourcesBuildPhase;
			buildActionMask = 2147483647;
			files = (
				DFD5B84919ACD9D200033DE1 /* Main.storyboard in Resources */,
				DFD5B84B19ACD9D200033DE1 /* Images.xcassets in Resources */,
			);
			runOnlyForDeploymentPostprocessing = 0;
		};
		DFD5B84E19ACD9D200033DE1 /* Resources */ = {
			isa = PBXResourcesBuildPhase;
			buildActionMask = 2147483647;
			files = (
			);
			runOnlyForDeploymentPostprocessing = 0;
		};
/* End PBXResourcesBuildPhase section */

/* Begin PBXSourcesBuildPhase section */
		DFD5B83A19ACD9D200033DE1 /* Sources */ = {
			isa = PBXSourcesBuildPhase;
			buildActionMask = 2147483647;
			files = (
				DFD5B84619ACD9D200033DE1 /* ViewController.swift in Sources */,
				DFD5B84419ACD9D200033DE1 /* AppDelegate.swift in Sources */,
			);
			runOnlyForDeploymentPostprocessing = 0;
		};
		DFD5B84C19ACD9D200033DE1 /* Sources */ = {
			isa = PBXSourcesBuildPhase;
			buildActionMask = 2147483647;
			files = (
				DFD5B85719ACD9D200033DE1 /* projectOneTests.swift in Sources */,
			);
			runOnlyForDeploymentPostprocessing = 0;
		};
/* End PBXSourcesBuildPhase section */

/* Begin PBXTargetDependency section */
		DFD5B85219ACD9D200033DE1 /* PBXTargetDependency */ = {
			isa = PBXTargetDependency;
			target = DFD5B83D19ACD9D200033DE1 /* projectOne */;
			targetProxy = DFD5B85119ACD9D200033DE1 /* PBXContainerItemProxy */;
		};
/* End PBXTargetDependency section */

/* Begin PBXVariantGroup section */
		DFD5B84719ACD9D200033DE1 /* Main.storyboard */ = {
			isa = PBXVariantGroup;
			children = (
				DFD5B84819ACD9D200033DE1 /* Base */,
			);
			name = Main.storyboard;
			sourceTree = "<group>";
		};
/* End PBXVariantGroup section */

/* Begin XCBuildConfiguration section */
		DFD5B85819ACD9D200033DE1 /* Debug */ = {
			isa = XCBuildConfiguration;
			buildSettings = {
				ALWAYS_SEARCH_USER_PATHS = NO;
				CLANG_CXX_LANGUAGE_STANDARD = "gnu++0x";
				CLANG_CXX_LIBRARY = "libc++";
				CLANG_ENABLE_MODULES = YES;
				CLANG_ENABLE_OBJC_ARC = YES;
				CLANG_WARN_BOOL_CONVERSION = YES;
				CLANG_WARN_CONSTANT_CONVERSION = YES;
				CLANG_WARN_DIRECT_OBJC_ISA_USAGE = YES_ERROR;
				CLANG_WARN_EMPTY_BODY = YES;
				CLANG_WARN_ENUM_CONVERSION = YES;
				CLANG_WARN_INT_CONVERSION = YES;
				CLANG_WARN_OBJC_ROOT_CLASS = YES_ERROR;
				CLANG_WARN_UNREACHABLE_CODE = YES;
				CLANG_WARN__DUPLICATE_METHOD_MATCH = YES;
				"CODE_SIGN_IDENTITY[sdk=iphoneos*]" = "iPhone Developer";
				COPY_PHASE_STRIP = NO;
				ENABLE_STRICT_OBJC_MSGSEND = YES;
				GCC_C_LANGUAGE_STANDARD = gnu99;
				GCC_DYNAMIC_NO_PIC = NO;
				GCC_OPTIMIZATION_LEVEL = 0;
				GCC_PREPROCESSOR_DEFINITIONS = (
					"DEBUG=1",
					"$(inherited)",
				);
				GCC_SYMBOLS_PRIVATE_EXTERN = NO;
				GCC_WARN_64_TO_32_BIT_CONVERSION = YES;
				GCC_WARN_ABOUT_RETURN_TYPE = YES_ERROR;
				GCC_WARN_UNDECLARED_SELECTOR = YES;
				GCC_WARN_UNINITIALIZED_AUTOS = YES_AGGRESSIVE;
				GCC_WARN_UNUSED_FUNCTION = YES;
				GCC_WARN_UNUSED_VARIABLE = YES;
				IPHONEOS_DEPLOYMENT_TARGET = 8.0;
				MTL_ENABLE_DEBUG_INFO = YES;
				ONLY_ACTIVE_ARCH = YES;
				SDKROOT = iphoneos;
				SWIFT_OPTIMIZATION_LEVEL = "-Onone";
				TARGETED_DEVICE_FAMILY = "1,2";
			};
			name = Debug;
		};
		DFD5B85919ACD9D200033DE1 /* Release */ = {
			isa = XCBuildConfiguration;
			buildSettings = {
				ALWAYS_SEARCH_USER_PATHS = NO;
				CLANG_CXX_LANGUAGE_STANDARD = "gnu++0x";
				CLANG_CXX_LIBRARY = "libc++";
				CLANG_ENABLE_MODULES = YES;
				CLANG_ENABLE_OBJC_ARC = YES;
				CLANG_WARN_BOOL_CONVERSION = YES;
				CLANG_WARN_CONSTANT_CONVERSION = YES;
				CLANG_WARN_DIRECT_OBJC_ISA_USAGE = YES_ERROR;
				CLANG_WARN_EMPTY_BODY = YES;
				CLANG_WARN_ENUM_CONVERSION = YES;
				CLANG_WARN_INT_CONVERSION = YES;
				CLANG_WARN_OBJC_ROOT_CLASS = YES_ERROR;
				CLANG_WARN_UNREACHABLE_CODE = YES;
				CLANG_WARN__DUPLICATE_METHOD_MATCH = YES;
				"CODE_SIGN_IDENTITY[sdk=iphoneos*]" = "iPhone Developer";
				COPY_PHASE_STRIP = YES;
				ENABLE_NS_ASSERTIONS = NO;
				ENABLE_STRICT_OBJC_MSGSEND = YES;
				GCC_C_LANGUAGE_STANDARD = gnu99;
				GCC_WARN_64_TO_32_BIT_CONVERSION = YES;
				GCC_WARN_ABOUT_RETURN_TYPE = YES_ERROR;
				GCC_WARN_UNDECLARED_SELECTOR = YES;
				GCC_WARN_UNINITIALIZED_AUTOS = YES_AGGRESSIVE;
				GCC_WARN_UNUSED_FUNCTION = YES;
				GCC_WARN_UNUSED_VARIABLE = YES;
				IPHONEOS_DEPLOYMENT_TARGET = 8.0;
				MTL_ENABLE_DEBUG_INFO = NO;
				SDKROOT = iphoneos;
				TARGETED_DEVICE_FAMILY = "1,2";
				VALIDATE_PRODUCT = YES;
			};
			name = Release;
		};
		DFD5B85B19ACD9D200033DE1 /* Debug */ = {
			isa = XCBuildConfiguration;
			buildSettings = {
				ASSETCATALOG_COMPILER_APPICON_NAME = AppIcon;
				ASSETCATALOG_COMPILER_LAUNCHIMAGE_NAME = LaunchImage;
				INFOPLIST_FILE = projectOne/Info.plist;
				LD_RUNPATH_SEARCH_PATHS = "$(inherited) @executable_path/Frameworks";
				PRODUCT_NAME = "$(TARGET_NAME)";
			};
			name = Debug;
		};
		DFD5B85C19ACD9D200033DE1 /* Release */ = {
			isa = XCBuildConfiguration;
			buildSettings = {
				ASSETCATALOG_COMPILER_APPICON_NAME = AppIcon;
				ASSETCATALOG_COMPILER_LAUNCHIMAGE_NAME = LaunchImage;
				INFOPLIST_FILE = projectOne/Info.plist;
				LD_RUNPATH_SEARCH_PATHS = "$(inherited) @executable_path/Frameworks";
				PRODUCT_NAME = "$(TARGET_NAME)";
			};
			name = Release;
		};
		DFD5B85E19ACD9D200033DE1 /* Debug */ = {
			isa = XCBuildConfiguration;
			buildSettings = {
				BUNDLE_LOADER = "$(TEST_HOST)";
				FRAMEWORK_SEARCH_PATHS = (
					"$(SDKROOT)/Developer/Library/Frameworks",
					"$(inherited)",
				);
				GCC_PREPROCESSOR_DEFINITIONS = (
					"DEBUG=1",
					"$(inherited)",
				);
				INFOPLIST_FILE = projectOneTests/Info.plist;
				LD_RUNPATH_SEARCH_PATHS = "$(inherited) @executable_path/Frameworks @loader_path/Frameworks";
				PRODUCT_NAME = "$(TARGET_NAME)";
				TEST_HOST = "$(BUILT_PRODUCTS_DIR)/projectOne.app/projectOne";
			};
			name = Debug;
		};
		DFD5B85F19ACD9D200033DE1 /* Release */ = {
			isa = XCBuildConfiguration;
			buildSettings = {
				BUNDLE_LOADER = "$(TEST_HOST)";
				FRAMEWORK_SEARCH_PATHS = (
					"$(SDKROOT)/Developer/Library/Frameworks",
					"$(inherited)",
				);
				INFOPLIST_FILE = projectOneTests/Info.plist;
				LD_RUNPATH_SEARCH_PATHS = "$(inherited) @executable_path/Frameworks @loader_path/Frameworks";
				PRODUCT_NAME = "$(TARGET_NAME)";
				TEST_HOST = "$(BUILT_PRODUCTS_DIR)/projectOne.app/projectOne";
			};
			name = Release;
		};
/* End XCBuildConfiguration section */

/* Begin XCConfigurationList section */
		DFD5B83919ACD9D200033DE1 /* Build configuration list for PBXProject "projectOne" */ = {
			isa = XCConfigurationList;
			buildConfigurations = (
				DFD5B85819ACD9D200033DE1 /* Debug */,
				DFD5B85919ACD9D200033DE1 /* Release */,
			);
			defaultConfigurationIsVisible = 0;
			defaultConfigurationName = Release;
		};
		DFD5B85A19ACD9D200033DE1 /* Build configuration list for PBXNativeTarget "projectOne" */ = {
			isa = XCConfigurationList;
			buildConfigurations = (
				DFD5B85B19ACD9D200033DE1 /* Debug */,
				DFD5B85C19ACD9D200033DE1 /* Release */,
			);
			defaultConfigurationIsVisible = 0;
		};
		DFD5B85D19ACD9D200033DE1 /* Build configuration list for PBXNativeTarget "projectOneTests" */ = {
			isa = XCConfigurationList;
			buildConfigurations = (
				DFD5B85E19ACD9D200033DE1 /* Debug */,
				DFD5B85F19ACD9D200033DE1 /* Release */,
			);
			defaultConfigurationIsVisible = 0;
		};
/* End XCConfigurationList section */
	};
	rootObject = DFD5B83619ACD9D200033DE1 /* Project object */;
}
