// !$*UTF8*$!
{
	archiveVersion = 1;
	classes = {
	};
	objectVersion = 46;
	objects = {

/* Begin PBXBuildFile section */
		9929872E19B7DA3E0016845F /* AppDelegate.swift in Sources */ = {isa = PBXBuildFile; fileRef = 9929872D19B7DA3E0016845F /* AppDelegate.swift */; };
		9929873019B7DA3E0016845F /* ViewController.swift in Sources */ = {isa = PBXBuildFile; fileRef = 9929872F19B7DA3E0016845F /* ViewController.swift */; };
		9929873319B7DA3F0016845F /* Main.storyboard in Resources */ = {isa = PBXBuildFile; fileRef = 9929873119B7DA3F0016845F /* Main.storyboard */; };
		9929873519B7DA3F0016845F /* Images.xcassets in Resources */ = {isa = PBXBuildFile; fileRef = 9929873419B7DA3F0016845F /* Images.xcassets */; };
		9929874119B7DA3F0016845F /* Tip_CalculatorTests.swift in Sources */ = {isa = PBXBuildFile; fileRef = 9929874019B7DA3F0016845F /* Tip_CalculatorTests.swift */; };
/* End PBXBuildFile section */

/* Begin PBXContainerItemProxy section */
		9929873B19B7DA3F0016845F /* PBXContainerItemProxy */ = {
			isa = PBXContainerItemProxy;
			containerPortal = 9929872019B7DA3E0016845F /* Project object */;
			proxyType = 1;
			remoteGlobalIDString = 9929872719B7DA3E0016845F;
			remoteInfo = "Tip Calculator";
		};
/* End PBXContainerItemProxy section */

/* Begin PBXFileReference section */
		9929872819B7DA3E0016845F /* Tip Calculator.app */ = {isa = PBXFileReference; explicitFileType = wrapper.application; includeInIndex = 0; path = "Tip Calculator.app"; sourceTree = BUILT_PRODUCTS_DIR; };
		9929872C19B7DA3E0016845F /* Info.plist */ = {isa = PBXFileReference; lastKnownFileType = text.plist.xml; path = Info.plist; sourceTree = "<group>"; };
		9929872D19B7DA3E0016845F /* AppDelegate.swift */ = {isa = PBXFileReference; lastKnownFileType = sourcecode.swift; path = AppDelegate.swift; sourceTree = "<group>"; };
		9929872F19B7DA3E0016845F /* ViewController.swift */ = {isa = PBXFileReference; lastKnownFileType = sourcecode.swift; path = ViewController.swift; sourceTree = "<group>"; };
		9929873219B7DA3F0016845F /* Base */ = {isa = PBXFileReference; lastKnownFileType = file.storyboard; name = Base; path = Base.lproj/Main.storyboard; sourceTree = "<group>"; };
		9929873419B7DA3F0016845F /* Images.xcassets */ = {isa = PBXFileReference; lastKnownFileType = folder.assetcatalog; path = Images.xcassets; sourceTree = "<group>"; };
		9929873A19B7DA3F0016845F /* Tip CalculatorTests.xctest */ = {isa = PBXFileReference; explicitFileType = wrapper.cfbundle; includeInIndex = 0; path = "Tip CalculatorTests.xctest"; sourceTree = BUILT_PRODUCTS_DIR; };
		9929873F19B7DA3F0016845F /* Info.plist */ = {isa = PBXFileReference; lastKnownFileType = text.plist.xml; path = Info.plist; sourceTree = "<group>"; };
		9929874019B7DA3F0016845F /* Tip_CalculatorTests.swift */ = {isa = PBXFileReference; lastKnownFileType = sourcecode.swift; path = Tip_CalculatorTests.swift; sourceTree = "<group>"; };
/* End PBXFileReference section */

/* Begin PBXFrameworksBuildPhase section */
		9929872519B7DA3E0016845F /* Frameworks */ = {
			isa = PBXFrameworksBuildPhase;
			buildActionMask = 2147483647;
			files = (
			);
			runOnlyForDeploymentPostprocessing = 0;
		};
		9929873719B7DA3F0016845F /* Frameworks */ = {
			isa = PBXFrameworksBuildPhase;
			buildActionMask = 2147483647;
			files = (
			);
			runOnlyForDeploymentPostprocessing = 0;
		};
/* End PBXFrameworksBuildPhase section */

/* Begin PBXGroup section */
		9929871F19B7DA3E0016845F = {
			isa = PBXGroup;
			children = (
				9929872A19B7DA3E0016845F /* Tip Calculator */,
				9929873D19B7DA3F0016845F /* Tip CalculatorTests */,
				9929872919B7DA3E0016845F /* Products */,
			);
			sourceTree = "<group>";
		};
		9929872919B7DA3E0016845F /* Products */ = {
			isa = PBXGroup;
			children = (
				9929872819B7DA3E0016845F /* Tip Calculator.app */,
				9929873A19B7DA3F0016845F /* Tip CalculatorTests.xctest */,
			);
			name = Products;
			sourceTree = "<group>";
		};
		9929872A19B7DA3E0016845F /* Tip Calculator */ = {
			isa = PBXGroup;
			children = (
				9929872D19B7DA3E0016845F /* AppDelegate.swift */,
				9929872F19B7DA3E0016845F /* ViewController.swift */,
				9929873119B7DA3F0016845F /* Main.storyboard */,
				9929873419B7DA3F0016845F /* Images.xcassets */,
				9929872B19B7DA3E0016845F /* Supporting Files */,
			);
			path = "Tip Calculator";
			sourceTree = "<group>";
		};
		9929872B19B7DA3E0016845F /* Supporting Files */ = {
			isa = PBXGroup;
			children = (
				9929872C19B7DA3E0016845F /* Info.plist */,
			);
			name = "Supporting Files";
			sourceTree = "<group>";
		};
		9929873D19B7DA3F0016845F /* Tip CalculatorTests */ = {
			isa = PBXGroup;
			children = (
				9929874019B7DA3F0016845F /* Tip_CalculatorTests.swift */,
				9929873E19B7DA3F0016845F /* Supporting Files */,
			);
			path = "Tip CalculatorTests";
			sourceTree = "<group>";
		};
		9929873E19B7DA3F0016845F /* Supporting Files */ = {
			isa = PBXGroup;
			children = (
				9929873F19B7DA3F0016845F /* Info.plist */,
			);
			name = "Supporting Files";
			sourceTree = "<group>";
		};
/* End PBXGroup section */

/* Begin PBXNativeTarget section */
		9929872719B7DA3E0016845F /* Tip Calculator */ = {
			isa = PBXNativeTarget;
			buildConfigurationList = 9929874419B7DA3F0016845F /* Build configuration list for PBXNativeTarget "Tip Calculator" */;
			buildPhases = (
				9929872419B7DA3E0016845F /* Sources */,
				9929872519B7DA3E0016845F /* Frameworks */,
				9929872619B7DA3E0016845F /* Resources */,
			);
			buildRules = (
			);
			dependencies = (
			);
			name = "Tip Calculator";
			productName = "Tip Calculator";
			productReference = 9929872819B7DA3E0016845F /* Tip Calculator.app */;
			productType = "com.apple.product-type.application";
		};
		9929873919B7DA3F0016845F /* Tip CalculatorTests */ = {
			isa = PBXNativeTarget;
			buildConfigurationList = 9929874719B7DA3F0016845F /* Build configuration list for PBXNativeTarget "Tip CalculatorTests" */;
			buildPhases = (
				9929873619B7DA3F0016845F /* Sources */,
				9929873719B7DA3F0016845F /* Frameworks */,
				9929873819B7DA3F0016845F /* Resources */,
			);
			buildRules = (
			);
			dependencies = (
				9929873C19B7DA3F0016845F /* PBXTargetDependency */,
			);
			name = "Tip CalculatorTests";
			productName = "Tip CalculatorTests";
			productReference = 9929873A19B7DA3F0016845F /* Tip CalculatorTests.xctest */;
			productType = "com.apple.product-type.bundle.unit-test";
		};
/* End PBXNativeTarget section */

/* Begin PBXProject section */
		9929872019B7DA3E0016845F /* Project object */ = {
			isa = PBXProject;
			attributes = {
				LastUpgradeCheck = 0600;
				ORGANIZATIONNAME = "jdmcd studios";
				TargetAttributes = {
					9929872719B7DA3E0016845F = {
						CreatedOnToolsVersion = 6.0;
					};
					9929873919B7DA3F0016845F = {
						CreatedOnToolsVersion = 6.0;
						TestTargetID = 9929872719B7DA3E0016845F;
					};
				};
			};
			buildConfigurationList = 9929872319B7DA3E0016845F /* Build configuration list for PBXProject "Tip Calculator" */;
			compatibilityVersion = "Xcode 3.2";
			developmentRegion = English;
			hasScannedForEncodings = 0;
			knownRegions = (
				en,
				Base,
			);
			mainGroup = 9929871F19B7DA3E0016845F;
			productRefGroup = 9929872919B7DA3E0016845F /* Products */;
			projectDirPath = "";
			projectRoot = "";
			targets = (
				9929872719B7DA3E0016845F /* Tip Calculator */,
				9929873919B7DA3F0016845F /* Tip CalculatorTests */,
			);
		};
/* End PBXProject section */

/* Begin PBXResourcesBuildPhase section */
		9929872619B7DA3E0016845F /* Resources */ = {
			isa = PBXResourcesBuildPhase;
			buildActionMask = 2147483647;
			files = (
				9929873319B7DA3F0016845F /* Main.storyboard in Resources */,
				9929873519B7DA3F0016845F /* Images.xcassets in Resources */,
			);
			runOnlyForDeploymentPostprocessing = 0;
		};
		9929873819B7DA3F0016845F /* Resources */ = {
			isa = PBXResourcesBuildPhase;
			buildActionMask = 2147483647;
			files = (
			);
			runOnlyForDeploymentPostprocessing = 0;
		};
/* End PBXResourcesBuildPhase section */

/* Begin PBXSourcesBuildPhase section */
		9929872419B7DA3E0016845F /* Sources */ = {
			isa = PBXSourcesBuildPhase;
			buildActionMask = 2147483647;
			files = (
				9929873019B7DA3E0016845F /* ViewController.swift in Sources */,
				9929872E19B7DA3E0016845F /* AppDelegate.swift in Sources */,
			);
			runOnlyForDeploymentPostprocessing = 0;
		};
		9929873619B7DA3F0016845F /* Sources */ = {
			isa = PBXSourcesBuildPhase;
			buildActionMask = 2147483647;
			files = (
				9929874119B7DA3F0016845F /* Tip_CalculatorTests.swift in Sources */,
			);
			runOnlyForDeploymentPostprocessing = 0;
		};
/* End PBXSourcesBuildPhase section */

/* Begin PBXTargetDependency section */
		9929873C19B7DA3F0016845F /* PBXTargetDependency */ = {
			isa = PBXTargetDependency;
			target = 9929872719B7DA3E0016845F /* Tip Calculator */;
			targetProxy = 9929873B19B7DA3F0016845F /* PBXContainerItemProxy */;
		};
/* End PBXTargetDependency section */

/* Begin PBXVariantGroup section */
		9929873119B7DA3F0016845F /* Main.storyboard */ = {
			isa = PBXVariantGroup;
			children = (
				9929873219B7DA3F0016845F /* Base */,
			);
			name = Main.storyboard;
			sourceTree = "<group>";
		};
/* End PBXVariantGroup section */

/* Begin XCBuildConfiguration section */
		9929874219B7DA3F0016845F /* Debug */ = {
			isa = XCBuildConfiguration;
			buildSettings = {
				ALWAYS_SEARCH_USER_PATHS = NO;
				CLANG_CXX_LANGUAGE_STANDARD = "gnu++0x";
				CLANG_CXX_LIBRARY = "libc++";
				CLANG_ENABLE_MODULES = YES;
				CLANG_ENABLE_OBJC_ARC = YES;
				CLANG_WARN_BOOL_CONVERSION = YES;
				CLANG_WARN_CONSTANT_CONVERSION = YES;
				CLANG_WARN_DIRECT_OBJC_ISA_USAGE = YES_ERROR;
				CLANG_WARN_EMPTY_BODY = YES;
				CLANG_WARN_ENUM_CONVERSION = YES;
				CLANG_WARN_INT_CONVERSION = YES;
				CLANG_WARN_OBJC_ROOT_CLASS = YES_ERROR;
				CLANG_WARN_UNREACHABLE_CODE = YES;
				CLANG_WARN__DUPLICATE_METHOD_MATCH = YES;
				"CODE_SIGN_IDENTITY[sdk=iphoneos*]" = "iPhone Developer";
				COPY_PHASE_STRIP = NO;
				ENABLE_STRICT_OBJC_MSGSEND = YES;
				GCC_C_LANGUAGE_STANDARD = gnu99;
				GCC_DYNAMIC_NO_PIC = NO;
				GCC_OPTIMIZATION_LEVEL = 0;
				GCC_PREPROCESSOR_DEFINITIONS = (
					"DEBUG=1",
					"$(inherited)",
				);
				GCC_SYMBOLS_PRIVATE_EXTERN = NO;
				GCC_WARN_64_TO_32_BIT_CONVERSION = YES;
				GCC_WARN_ABOUT_RETURN_TYPE = YES_ERROR;
				GCC_WARN_UNDECLARED_SELECTOR = YES;
				GCC_WARN_UNINITIALIZED_AUTOS = YES_AGGRESSIVE;
				GCC_WARN_UNUSED_FUNCTION = YES;
				GCC_WARN_UNUSED_VARIABLE = YES;
				IPHONEOS_DEPLOYMENT_TARGET = 8.0;
				MTL_ENABLE_DEBUG_INFO = YES;
				ONLY_ACTIVE_ARCH = YES;
				SDKROOT = iphoneos;
				SWIFT_OPTIMIZATION_LEVEL = "-Onone";
				TARGETED_DEVICE_FAMILY = "1,2";
			};
			name = Debug;
		};
		9929874319B7DA3F0016845F /* Release */ = {
			isa = XCBuildConfiguration;
			buildSettings = {
				ALWAYS_SEARCH_USER_PATHS = NO;
				CLANG_CXX_LANGUAGE_STANDARD = "gnu++0x";
				CLANG_CXX_LIBRARY = "libc++";
				CLANG_ENABLE_MODULES = YES;
				CLANG_ENABLE_OBJC_ARC = YES;
				CLANG_WARN_BOOL_CONVERSION = YES;
				CLANG_WARN_CONSTANT_CONVERSION = YES;
				CLANG_WARN_DIRECT_OBJC_ISA_USAGE = YES_ERROR;
				CLANG_WARN_EMPTY_BODY = YES;
				CLANG_WARN_ENUM_CONVERSION = YES;
				CLANG_WARN_INT_CONVERSION = YES;
				CLANG_WARN_OBJC_ROOT_CLASS = YES_ERROR;
				CLANG_WARN_UNREACHABLE_CODE = YES;
				CLANG_WARN__DUPLICATE_METHOD_MATCH = YES;
				"CODE_SIGN_IDENTITY[sdk=iphoneos*]" = "iPhone Developer";
				COPY_PHASE_STRIP = YES;
				ENABLE_NS_ASSERTIONS = NO;
				ENABLE_STRICT_OBJC_MSGSEND = YES;
				GCC_C_LANGUAGE_STANDARD = gnu99;
				GCC_WARN_64_TO_32_BIT_CONVERSION = YES;
				GCC_WARN_ABOUT_RETURN_TYPE = YES_ERROR;
				GCC_WARN_UNDECLARED_SELECTOR = YES;
				GCC_WARN_UNINITIALIZED_AUTOS = YES_AGGRESSIVE;
				GCC_WARN_UNUSED_FUNCTION = YES;
				GCC_WARN_UNUSED_VARIABLE = YES;
				IPHONEOS_DEPLOYMENT_TARGET = 8.0;
				MTL_ENABLE_DEBUG_INFO = NO;
				SDKROOT = iphoneos;
				TARGETED_DEVICE_FAMILY = "1,2";
				VALIDATE_PRODUCT = YES;
			};
			name = Release;
		};
		9929874519B7DA3F0016845F /* Debug */ = {
			isa = XCBuildConfiguration;
			buildSettings = {
				ASSETCATALOG_COMPILER_APPICON_NAME = AppIcon;
				ASSETCATALOG_COMPILER_LAUNCHIMAGE_NAME = LaunchImage;
				INFOPLIST_FILE = "Tip Calculator/Info.plist";
				LD_RUNPATH_SEARCH_PATHS = "$(inherited) @executable_path/Frameworks";
				PRODUCT_NAME = "$(TARGET_NAME)";
			};
			name = Debug;
		};
		9929874619B7DA3F0016845F /* Release */ = {
			isa = XCBuildConfiguration;
			buildSettings = {
				ASSETCATALOG_COMPILER_APPICON_NAME = AppIcon;
				ASSETCATALOG_COMPILER_LAUNCHIMAGE_NAME = LaunchImage;
				INFOPLIST_FILE = "Tip Calculator/Info.plist";
				LD_RUNPATH_SEARCH_PATHS = "$(inherited) @executable_path/Frameworks";
				PRODUCT_NAME = "$(TARGET_NAME)";
			};
			name = Release;
		};
		9929874819B7DA3F0016845F /* Debug */ = {
			isa = XCBuildConfiguration;
			buildSettings = {
				BUNDLE_LOADER = "$(TEST_HOST)";
				FRAMEWORK_SEARCH_PATHS = (
					"$(SDKROOT)/Developer/Library/Frameworks",
					"$(inherited)",
				);
				GCC_PREPROCESSOR_DEFINITIONS = (
					"DEBUG=1",
					"$(inherited)",
				);
				INFOPLIST_FILE = "Tip CalculatorTests/Info.plist";
				LD_RUNPATH_SEARCH_PATHS = "$(inherited) @executable_path/Frameworks @loader_path/Frameworks";
				PRODUCT_NAME = "$(TARGET_NAME)";
				TEST_HOST = "$(BUILT_PRODUCTS_DIR)/Tip Calculator.app/Tip Calculator";
			};
			name = Debug;
		};
		9929874919B7DA3F0016845F /* Release */ = {
			isa = XCBuildConfiguration;
			buildSettings = {
				BUNDLE_LOADER = "$(TEST_HOST)";
				FRAMEWORK_SEARCH_PATHS = (
					"$(SDKROOT)/Developer/Library/Frameworks",
					"$(inherited)",
				);
				INFOPLIST_FILE = "Tip CalculatorTests/Info.plist";
				LD_RUNPATH_SEARCH_PATHS = "$(inherited) @executable_path/Frameworks @loader_path/Frameworks";
				PRODUCT_NAME = "$(TARGET_NAME)";
				TEST_HOST = "$(BUILT_PRODUCTS_DIR)/Tip Calculator.app/Tip Calculator";
			};
			name = Release;
		};
/* End XCBuildConfiguration section */

/* Begin XCConfigurationList section */
		9929872319B7DA3E0016845F /* Build configuration list for PBXProject "Tip Calculator" */ = {
			isa = XCConfigurationList;
			buildConfigurations = (
				9929874219B7DA3F0016845F /* Debug */,
				9929874319B7DA3F0016845F /* Release */,
			);
			defaultConfigurationIsVisible = 0;
			defaultConfigurationName = Release;
		};
		9929874419B7DA3F0016845F /* Build configuration list for PBXNativeTarget "Tip Calculator" */ = {
			isa = XCConfigurationList;
			buildConfigurations = (
				9929874519B7DA3F0016845F /* Debug */,
				9929874619B7DA3F0016845F /* Release */,
			);
			defaultConfigurationIsVisible = 0;
		};
		9929874719B7DA3F0016845F /* Build configuration list for PBXNativeTarget "Tip CalculatorTests" */ = {
			isa = XCConfigurationList;
			buildConfigurations = (
				9929874819B7DA3F0016845F /* Debug */,
				9929874919B7DA3F0016845F /* Release */,
			);
			defaultConfigurationIsVisible = 0;
		};
/* End XCConfigurationList section */
	};
	rootObject = 9929872019B7DA3E0016845F /* Project object */;
}
