// !$*UTF8*$!
{
	archiveVersion = 1;
	classes = {
	};
	objectVersion = 46;
	objects = {

/* Begin PBXBuildFile section */
		993DBCA719B291F9007856F4 /* AppDelegate.swift in Sources */ = {isa = PBXBuildFile; fileRef = 993DBCA619B291F9007856F4 /* AppDelegate.swift */; };
		993DBCAA19B291F9007856F4 /* Pro_Cast.xcdatamodeld in Sources */ = {isa = PBXBuildFile; fileRef = 993DBCA819B291F9007856F4 /* Pro_Cast.xcdatamodeld */; };
		993DBCAC19B291F9007856F4 /* ViewController.swift in Sources */ = {isa = PBXBuildFile; fileRef = 993DBCAB19B291F9007856F4 /* ViewController.swift */; };
		993DBCAF19B291F9007856F4 /* Main.storyboard in Resources */ = {isa = PBXBuildFile; fileRef = 993DBCAD19B291F9007856F4 /* Main.storyboard */; };
		993DBCB119B291F9007856F4 /* Images.xcassets in Resources */ = {isa = PBXBuildFile; fileRef = 993DBCB019B291F9007856F4 /* Images.xcassets */; };
		993DBCBD19B291F9007856F4 /* Pro_CastTests.swift in Sources */ = {isa = PBXBuildFile; fileRef = 993DBCBC19B291F9007856F4 /* Pro_CastTests.swift */; };
/* End PBXBuildFile section */

/* Begin PBXContainerItemProxy section */
		993DBCB719B291F9007856F4 /* PBXContainerItemProxy */ = {
			isa = PBXContainerItemProxy;
			containerPortal = 993DBC9919B291F9007856F4 /* Project object */;
			proxyType = 1;
			remoteGlobalIDString = 993DBCA019B291F9007856F4;
			remoteInfo = "Pro Cast";
		};
/* End PBXContainerItemProxy section */

/* Begin PBXFileReference section */
		993DBCA119B291F9007856F4 /* Pro Cast.app */ = {isa = PBXFileReference; explicitFileType = wrapper.application; includeInIndex = 0; path = "Pro Cast.app"; sourceTree = BUILT_PRODUCTS_DIR; };
		993DBCA519B291F9007856F4 /* Info.plist */ = {isa = PBXFileReference; lastKnownFileType = text.plist.xml; path = Info.plist; sourceTree = "<group>"; };
		993DBCA619B291F9007856F4 /* AppDelegate.swift */ = {isa = PBXFileReference; lastKnownFileType = sourcecode.swift; path = AppDelegate.swift; sourceTree = "<group>"; };
		993DBCA919B291F9007856F4 /* Pro_Cast.xcdatamodel */ = {isa = PBXFileReference; lastKnownFileType = wrapper.xcdatamodel; path = Pro_Cast.xcdatamodel; sourceTree = "<group>"; };
		993DBCAB19B291F9007856F4 /* ViewController.swift */ = {isa = PBXFileReference; lastKnownFileType = sourcecode.swift; path = ViewController.swift; sourceTree = "<group>"; };
		993DBCAE19B291F9007856F4 /* Base */ = {isa = PBXFileReference; lastKnownFileType = file.storyboard; name = Base; path = Base.lproj/Main.storyboard; sourceTree = "<group>"; };
		993DBCB019B291F9007856F4 /* Images.xcassets */ = {isa = PBXFileReference; lastKnownFileType = folder.assetcatalog; path = Images.xcassets; sourceTree = "<group>"; };
		993DBCB619B291F9007856F4 /* Pro CastTests.xctest */ = {isa = PBXFileReference; explicitFileType = wrapper.cfbundle; includeInIndex = 0; path = "Pro CastTests.xctest"; sourceTree = BUILT_PRODUCTS_DIR; };
		993DBCBB19B291F9007856F4 /* Info.plist */ = {isa = PBXFileReference; lastKnownFileType = text.plist.xml; path = Info.plist; sourceTree = "<group>"; };
		993DBCBC19B291F9007856F4 /* Pro_CastTests.swift */ = {isa = PBXFileReference; lastKnownFileType = sourcecode.swift; path = Pro_CastTests.swift; sourceTree = "<group>"; };
/* End PBXFileReference section */

/* Begin PBXFrameworksBuildPhase section */
		993DBC9E19B291F9007856F4 /* Frameworks */ = {
			isa = PBXFrameworksBuildPhase;
			buildActionMask = 2147483647;
			files = (
			);
			runOnlyForDeploymentPostprocessing = 0;
		};
		993DBCB319B291F9007856F4 /* Frameworks */ = {
			isa = PBXFrameworksBuildPhase;
			buildActionMask = 2147483647;
			files = (
			);
			runOnlyForDeploymentPostprocessing = 0;
		};
/* End PBXFrameworksBuildPhase section */

/* Begin PBXGroup section */
		993DBC9819B291F9007856F4 = {
			isa = PBXGroup;
			children = (
				993DBCA319B291F9007856F4 /* Pro Cast */,
				993DBCB919B291F9007856F4 /* Pro CastTests */,
				993DBCA219B291F9007856F4 /* Products */,
			);
			sourceTree = "<group>";
		};
		993DBCA219B291F9007856F4 /* Products */ = {
			isa = PBXGroup;
			children = (
				993DBCA119B291F9007856F4 /* Pro Cast.app */,
				993DBCB619B291F9007856F4 /* Pro CastTests.xctest */,
			);
			name = Products;
			sourceTree = "<group>";
		};
		993DBCA319B291F9007856F4 /* Pro Cast */ = {
			isa = PBXGroup;
			children = (
				993DBCA619B291F9007856F4 /* AppDelegate.swift */,
				993DBCAB19B291F9007856F4 /* ViewController.swift */,
				993DBCAD19B291F9007856F4 /* Main.storyboard */,
				993DBCB019B291F9007856F4 /* Images.xcassets */,
				993DBCA819B291F9007856F4 /* Pro_Cast.xcdatamodeld */,
				993DBCA419B291F9007856F4 /* Supporting Files */,
			);
			path = "Pro Cast";
			sourceTree = "<group>";
		};
		993DBCA419B291F9007856F4 /* Supporting Files */ = {
			isa = PBXGroup;
			children = (
				993DBCA519B291F9007856F4 /* Info.plist */,
			);
			name = "Supporting Files";
			sourceTree = "<group>";
		};
		993DBCB919B291F9007856F4 /* Pro CastTests */ = {
			isa = PBXGroup;
			children = (
				993DBCBC19B291F9007856F4 /* Pro_CastTests.swift */,
				993DBCBA19B291F9007856F4 /* Supporting Files */,
			);
			path = "Pro CastTests";
			sourceTree = "<group>";
		};
		993DBCBA19B291F9007856F4 /* Supporting Files */ = {
			isa = PBXGroup;
			children = (
				993DBCBB19B291F9007856F4 /* Info.plist */,
			);
			name = "Supporting Files";
			sourceTree = "<group>";
		};
/* End PBXGroup section */

/* Begin PBXNativeTarget section */
		993DBCA019B291F9007856F4 /* Pro Cast */ = {
			isa = PBXNativeTarget;
			buildConfigurationList = 993DBCC019B291F9007856F4 /* Build configuration list for PBXNativeTarget "Pro Cast" */;
			buildPhases = (
				993DBC9D19B291F9007856F4 /* Sources */,
				993DBC9E19B291F9007856F4 /* Frameworks */,
				993DBC9F19B291F9007856F4 /* Resources */,
			);
			buildRules = (
			);
			dependencies = (
			);
			name = "Pro Cast";
			productName = "Pro Cast";
			productReference = 993DBCA119B291F9007856F4 /* Pro Cast.app */;
			productType = "com.apple.product-type.application";
		};
		993DBCB519B291F9007856F4 /* Pro CastTests */ = {
			isa = PBXNativeTarget;
			buildConfigurationList = 993DBCC319B291F9007856F4 /* Build configuration list for PBXNativeTarget "Pro CastTests" */;
			buildPhases = (
				993DBCB219B291F9007856F4 /* Sources */,
				993DBCB319B291F9007856F4 /* Frameworks */,
				993DBCB419B291F9007856F4 /* Resources */,
			);
			buildRules = (
			);
			dependencies = (
				993DBCB819B291F9007856F4 /* PBXTargetDependency */,
			);
			name = "Pro CastTests";
			productName = "Pro CastTests";
			productReference = 993DBCB619B291F9007856F4 /* Pro CastTests.xctest */;
			productType = "com.apple.product-type.bundle.unit-test";
		};
/* End PBXNativeTarget section */

/* Begin PBXProject section */
		993DBC9919B291F9007856F4 /* Project object */ = {
			isa = PBXProject;
			attributes = {
				LastUpgradeCheck = 0600;
				ORGANIZATIONNAME = "jdmcd studios";
				TargetAttributes = {
					993DBCA019B291F9007856F4 = {
						CreatedOnToolsVersion = 6.0;
					};
					993DBCB519B291F9007856F4 = {
						CreatedOnToolsVersion = 6.0;
						TestTargetID = 993DBCA019B291F9007856F4;
					};
				};
			};
			buildConfigurationList = 993DBC9C19B291F9007856F4 /* Build configuration list for PBXProject "Pro Cast" */;
			compatibilityVersion = "Xcode 3.2";
			developmentRegion = English;
			hasScannedForEncodings = 0;
			knownRegions = (
				en,
				Base,
			);
			mainGroup = 993DBC9819B291F9007856F4;
			productRefGroup = 993DBCA219B291F9007856F4 /* Products */;
			projectDirPath = "";
			projectRoot = "";
			targets = (
				993DBCA019B291F9007856F4 /* Pro Cast */,
				993DBCB519B291F9007856F4 /* Pro CastTests */,
			);
		};
/* End PBXProject section */

/* Begin PBXResourcesBuildPhase section */
		993DBC9F19B291F9007856F4 /* Resources */ = {
			isa = PBXResourcesBuildPhase;
			buildActionMask = 2147483647;
			files = (
				993DBCAF19B291F9007856F4 /* Main.storyboard in Resources */,
				993DBCB119B291F9007856F4 /* Images.xcassets in Resources */,
			);
			runOnlyForDeploymentPostprocessing = 0;
		};
		993DBCB419B291F9007856F4 /* Resources */ = {
			isa = PBXResourcesBuildPhase;
			buildActionMask = 2147483647;
			files = (
			);
			runOnlyForDeploymentPostprocessing = 0;
		};
/* End PBXResourcesBuildPhase section */

/* Begin PBXSourcesBuildPhase section */
		993DBC9D19B291F9007856F4 /* Sources */ = {
			isa = PBXSourcesBuildPhase;
			buildActionMask = 2147483647;
			files = (
				993DBCAC19B291F9007856F4 /* ViewController.swift in Sources */,
				993DBCAA19B291F9007856F4 /* Pro_Cast.xcdatamodeld in Sources */,
				993DBCA719B291F9007856F4 /* AppDelegate.swift in Sources */,
			);
			runOnlyForDeploymentPostprocessing = 0;
		};
		993DBCB219B291F9007856F4 /* Sources */ = {
			isa = PBXSourcesBuildPhase;
			buildActionMask = 2147483647;
			files = (
				993DBCBD19B291F9007856F4 /* Pro_CastTests.swift in Sources */,
			);
			runOnlyForDeploymentPostprocessing = 0;
		};
/* End PBXSourcesBuildPhase section */

/* Begin PBXTargetDependency section */
		993DBCB819B291F9007856F4 /* PBXTargetDependency */ = {
			isa = PBXTargetDependency;
			target = 993DBCA019B291F9007856F4 /* Pro Cast */;
			targetProxy = 993DBCB719B291F9007856F4 /* PBXContainerItemProxy */;
		};
/* End PBXTargetDependency section */

/* Begin PBXVariantGroup section */
		993DBCAD19B291F9007856F4 /* Main.storyboard */ = {
			isa = PBXVariantGroup;
			children = (
				993DBCAE19B291F9007856F4 /* Base */,
			);
			name = Main.storyboard;
			sourceTree = "<group>";
		};
/* End PBXVariantGroup section */

/* Begin XCBuildConfiguration section */
		993DBCBE19B291F9007856F4 /* Debug */ = {
			isa = XCBuildConfiguration;
			buildSettings = {
				ALWAYS_SEARCH_USER_PATHS = NO;
				CLANG_CXX_LANGUAGE_STANDARD = "gnu++0x";
				CLANG_CXX_LIBRARY = "libc++";
				CLANG_ENABLE_MODULES = YES;
				CLANG_ENABLE_OBJC_ARC = YES;
				CLANG_WARN_BOOL_CONVERSION = YES;
				CLANG_WARN_CONSTANT_CONVERSION = YES;
				CLANG_WARN_DIRECT_OBJC_ISA_USAGE = YES_ERROR;
				CLANG_WARN_EMPTY_BODY = YES;
				CLANG_WARN_ENUM_CONVERSION = YES;
				CLANG_WARN_INT_CONVERSION = YES;
				CLANG_WARN_OBJC_ROOT_CLASS = YES_ERROR;
				CLANG_WARN_UNREACHABLE_CODE = YES;
				CLANG_WARN__DUPLICATE_METHOD_MATCH = YES;
				"CODE_SIGN_IDENTITY[sdk=iphoneos*]" = "iPhone Developer";
				COPY_PHASE_STRIP = NO;
				ENABLE_STRICT_OBJC_MSGSEND = YES;
				GCC_C_LANGUAGE_STANDARD = gnu99;
				GCC_DYNAMIC_NO_PIC = NO;
				GCC_OPTIMIZATION_LEVEL = 0;
				GCC_PREPROCESSOR_DEFINITIONS = (
					"DEBUG=1",
					"$(inherited)",
				);
				GCC_SYMBOLS_PRIVATE_EXTERN = NO;
				GCC_WARN_64_TO_32_BIT_CONVERSION = YES;
				GCC_WARN_ABOUT_RETURN_TYPE = YES_ERROR;
				GCC_WARN_UNDECLARED_SELECTOR = YES;
				GCC_WARN_UNINITIALIZED_AUTOS = YES_AGGRESSIVE;
				GCC_WARN_UNUSED_FUNCTION = YES;
				GCC_WARN_UNUSED_VARIABLE = YES;
				IPHONEOS_DEPLOYMENT_TARGET = 8.0;
				MTL_ENABLE_DEBUG_INFO = YES;
				ONLY_ACTIVE_ARCH = YES;
				SDKROOT = iphoneos;
				SWIFT_OPTIMIZATION_LEVEL = "-Onone";
				TARGETED_DEVICE_FAMILY = "1,2";
			};
			name = Debug;
		};
		993DBCBF19B291F9007856F4 /* Release */ = {
			isa = XCBuildConfiguration;
			buildSettings = {
				ALWAYS_SEARCH_USER_PATHS = NO;
				CLANG_CXX_LANGUAGE_STANDARD = "gnu++0x";
				CLANG_CXX_LIBRARY = "libc++";
				CLANG_ENABLE_MODULES = YES;
				CLANG_ENABLE_OBJC_ARC = YES;
				CLANG_WARN_BOOL_CONVERSION = YES;
				CLANG_WARN_CONSTANT_CONVERSION = YES;
				CLANG_WARN_DIRECT_OBJC_ISA_USAGE = YES_ERROR;
				CLANG_WARN_EMPTY_BODY = YES;
				CLANG_WARN_ENUM_CONVERSION = YES;
				CLANG_WARN_INT_CONVERSION = YES;
				CLANG_WARN_OBJC_ROOT_CLASS = YES_ERROR;
				CLANG_WARN_UNREACHABLE_CODE = YES;
				CLANG_WARN__DUPLICATE_METHOD_MATCH = YES;
				"CODE_SIGN_IDENTITY[sdk=iphoneos*]" = "iPhone Developer";
				COPY_PHASE_STRIP = YES;
				ENABLE_NS_ASSERTIONS = NO;
				ENABLE_STRICT_OBJC_MSGSEND = YES;
				GCC_C_LANGUAGE_STANDARD = gnu99;
				GCC_WARN_64_TO_32_BIT_CONVERSION = YES;
				GCC_WARN_ABOUT_RETURN_TYPE = YES_ERROR;
				GCC_WARN_UNDECLARED_SELECTOR = YES;
				GCC_WARN_UNINITIALIZED_AUTOS = YES_AGGRESSIVE;
				GCC_WARN_UNUSED_FUNCTION = YES;
				GCC_WARN_UNUSED_VARIABLE = YES;
				IPHONEOS_DEPLOYMENT_TARGET = 8.0;
				MTL_ENABLE_DEBUG_INFO = NO;
				SDKROOT = iphoneos;
				TARGETED_DEVICE_FAMILY = "1,2";
				VALIDATE_PRODUCT = YES;
			};
			name = Release;
		};
		993DBCC119B291F9007856F4 /* Debug */ = {
			isa = XCBuildConfiguration;
			buildSettings = {
				ASSETCATALOG_COMPILER_APPICON_NAME = AppIcon;
				ASSETCATALOG_COMPILER_LAUNCHIMAGE_NAME = LaunchImage;
				INFOPLIST_FILE = "Pro Cast/Info.plist";
				LD_RUNPATH_SEARCH_PATHS = "$(inherited) @executable_path/Frameworks";
				PRODUCT_NAME = "$(TARGET_NAME)";
			};
			name = Debug;
		};
		993DBCC219B291F9007856F4 /* Release */ = {
			isa = XCBuildConfiguration;
			buildSettings = {
				ASSETCATALOG_COMPILER_APPICON_NAME = AppIcon;
				ASSETCATALOG_COMPILER_LAUNCHIMAGE_NAME = LaunchImage;
				INFOPLIST_FILE = "Pro Cast/Info.plist";
				LD_RUNPATH_SEARCH_PATHS = "$(inherited) @executable_path/Frameworks";
				PRODUCT_NAME = "$(TARGET_NAME)";
			};
			name = Release;
		};
		993DBCC419B291F9007856F4 /* Debug */ = {
			isa = XCBuildConfiguration;
			buildSettings = {
				BUNDLE_LOADER = "$(TEST_HOST)";
				FRAMEWORK_SEARCH_PATHS = (
					"$(SDKROOT)/Developer/Library/Frameworks",
					"$(inherited)",
				);
				GCC_PREPROCESSOR_DEFINITIONS = (
					"DEBUG=1",
					"$(inherited)",
				);
				INFOPLIST_FILE = "Pro CastTests/Info.plist";
				LD_RUNPATH_SEARCH_PATHS = "$(inherited) @executable_path/Frameworks @loader_path/Frameworks";
				PRODUCT_NAME = "$(TARGET_NAME)";
				TEST_HOST = "$(BUILT_PRODUCTS_DIR)/Pro Cast.app/Pro Cast";
			};
			name = Debug;
		};
		993DBCC519B291F9007856F4 /* Release */ = {
			isa = XCBuildConfiguration;
			buildSettings = {
				BUNDLE_LOADER = "$(TEST_HOST)";
				FRAMEWORK_SEARCH_PATHS = (
					"$(SDKROOT)/Developer/Library/Frameworks",
					"$(inherited)",
				);
				INFOPLIST_FILE = "Pro CastTests/Info.plist";
				LD_RUNPATH_SEARCH_PATHS = "$(inherited) @executable_path/Frameworks @loader_path/Frameworks";
				PRODUCT_NAME = "$(TARGET_NAME)";
				TEST_HOST = "$(BUILT_PRODUCTS_DIR)/Pro Cast.app/Pro Cast";
			};
			name = Release;
		};
/* End XCBuildConfiguration section */

/* Begin XCConfigurationList section */
		993DBC9C19B291F9007856F4 /* Build configuration list for PBXProject "Pro Cast" */ = {
			isa = XCConfigurationList;
			buildConfigurations = (
				993DBCBE19B291F9007856F4 /* Debug */,
				993DBCBF19B291F9007856F4 /* Release */,
			);
			defaultConfigurationIsVisible = 0;
			defaultConfigurationName = Release;
		};
		993DBCC019B291F9007856F4 /* Build configuration list for PBXNativeTarget "Pro Cast" */ = {
			isa = XCConfigurationList;
			buildConfigurations = (
				993DBCC119B291F9007856F4 /* Debug */,
				993DBCC219B291F9007856F4 /* Release */,
			);
			defaultConfigurationIsVisible = 0;
		};
		993DBCC319B291F9007856F4 /* Build configuration list for PBXNativeTarget "Pro CastTests" */ = {
			isa = XCConfigurationList;
			buildConfigurations = (
				993DBCC419B291F9007856F4 /* Debug */,
				993DBCC519B291F9007856F4 /* Release */,
			);
			defaultConfigurationIsVisible = 0;
		};
/* End XCConfigurationList section */

/* Begin XCVersionGroup section */
		993DBCA819B291F9007856F4 /* Pro_Cast.xcdatamodeld */ = {
			isa = XCVersionGroup;
			children = (
				993DBCA919B291F9007856F4 /* Pro_Cast.xcdatamodel */,
			);
			currentVersion = 993DBCA919B291F9007856F4 /* Pro_Cast.xcdatamodel */;
			path = Pro_Cast.xcdatamodeld;
			sourceTree = "<group>";
			versionGroupType = wrapper.xcdatamodel;
		};
/* End XCVersionGroup section */
	};
	rootObject = 993DBC9919B291F9007856F4 /* Project object */;
}
